
Microsoft Visual Studio Solution File, Format Version 12.00
# Visual Studio Version 17
VisualStudioVersion = 17.5.002.0
MinimumVisualStudioVersion = 10.0.40219.1
Project("{9A19103F-16F7-4668-BE54-9A1E7A4F7556}") = "MinimalAPIPeliculas", "MinimalAPIPeliculas.csproj", "{0623C9EE-7390-4187-8575-B5DB7635E07F}"
EndProject
Global
	GlobalSection(SolutionConfigurationPlatforms) = preSolution
		Debug|Any CPU = Debug|Any CPU
		Release|Any CPU = Release|Any CPU
	EndGlobalSection
	GlobalSection(ProjectConfigurationPlatforms) = postSolution
		{0623C9EE-7390-4187-8575-B5DB7635E07F}.Debug|Any CPU.ActiveCfg = Debug|Any CPU
		{0623C9EE-7390-4187-8575-B5DB7635E07F}.Debug|Any CPU.Build.0 = Debug|Any CPU
		{0623C9EE-7390-4187-8575-B5DB7635E07F}.Release|Any CPU.ActiveCfg = Release|Any CPU
		{0623C9EE-7390-4187-8575-B5DB7635E07F}.Release|Any CPU.Build.0 = Release|Any CPU
	EndGlobalSection
	GlobalSection(SolutionProperties) = preSolution
		HideSolutionNode = FALSE
	EndGlobalSection
	GlobalSection(ExtensibilityGlobals) = postSolution
		SolutionGuid = {71F7B2FA-26A6-4715-B4B9-CBC6C621AAB1}
	EndGlobalSection
EndGlobal
